
Microsoft Visual Studio Solution File, Format Version 12.00
# Visual Studio 15
VisualStudioVersion = 15.0.28010.2050
MinimumVisualStudioVersion = 10.0.40219.1
Project("{FAE04EC0-301F-11D3-BF4B-00C04F79EFBC}") = "HelloWorld", "HelloWorld\HelloWorld.csproj", "{F45F19B0-AFEE-499A-BDB8-DF2F3415FB17}"
EndProject
Project("{FAE04EC0-301F-11D3-BF4B-00C04F79EFBC}") = "TryAndCatch", "TryAndCatch\TryAndCatch.csproj", "{AE05AB33-29A7-430A-9E28-603D8B7B4E78}"
EndProject
Project("{FAE04EC0-301F-11D3-BF4B-00C04F79EFBC}") = "Operators", "Operators\Operators.csproj", "{3F2EB447-5114-448E-BF0B-B4D45182FAB9}"
EndProject
Project("{FAE04EC0-301F-11D3-BF4B-00C04F79EFBC}") = "IfElse", "IfElse\IfElse.csproj", "{34C715A4-82DB-4C95-B34C-FFABC8685745}"
EndProject
Project("{FAE04EC0-301F-11D3-BF4B-00C04F79EFBC}") = "NestedIfStatements", "NestedIfStatements\NestedIfStatements.csproj", "{4E195FD6-85F9-4C3A-875E-2001286B2D12}"
EndProject
Project("{FAE04EC0-301F-11D3-BF4B-00C04F79EFBC}") = "RegisteringAndLoggingIn", "RegisteringAndLoggingIn\RegisteringAndLoggingIn.csproj", "{A10A6765-074E-4815-9070-60B0717F8638}"
EndProject
Project("{FAE04EC0-301F-11D3-BF4B-00C04F79EFBC}") = "SwitchCase", "SwitchCase\SwitchCase.csproj", "{5EB66A38-5732-4B77-A137-CAAC3501D7AD}"
EndProject
Project("{FAE04EC0-301F-11D3-BF4B-00C04F79EFBC}") = "IfStatementChallenge", "IfStatementChallenge\IfStatementChallenge.csproj", "{091351D8-2C19-4CE6-BE8C-C530FC9B13B2}"
EndProject
Project("{FAE04EC0-301F-11D3-BF4B-00C04F79EFBC}") = "EnhancedIfStatements", "EnhancedIfStatements\EnhancedIfStatements.csproj", "{2C231CBD-9454-41FB-8673-6085C1724859}"
EndProject
Project("{FAE04EC0-301F-11D3-BF4B-00C04F79EFBC}") = "Loops", "Loops\Loops.csproj", "{CF0DB629-263C-4D10-899E-31D867B7A6B2}"
EndProject
Project("{FAE04EC0-301F-11D3-BF4B-00C04F79EFBC}") = "BreakContinue", "BreakContinue\BreakContinue.csproj", "{3E5E5BDB-F827-4A61-9246-8AD9C3FF468C}"
EndProject
Project("{FAE04EC0-301F-11D3-BF4B-00C04F79EFBC}") = "LoopsChallenge-Average", "LoopsChallenge-Average\LoopsChallenge-Average.csproj", "{E87B8EC4-08BE-4A7F-A075-3D55F3E9ADAF}"
EndProject
Project("{FAE04EC0-301F-11D3-BF4B-00C04F79EFBC}") = "ClassAndObjects", "ClassAndObjects\ClassAndObjects.csproj", "{7095C20F-2009-456F-95E6-7B688D50286B}"
EndProject
Project("{FAE04EC0-301F-11D3-BF4B-00C04F79EFBC}") = "Properties", "Properties\Properties.csproj", "{15918961-C75C-416F-A086-265596E8749B}"
EndProject
Project("{FAE04EC0-301F-11D3-BF4B-00C04F79EFBC}") = "Members", "Members\Members.csproj", "{EEA95E95-FC9A-4A52-B35F-2758EC28399D}"
EndProject
Project("{FAE04EC0-301F-11D3-BF4B-00C04F79EFBC}") = "Array", "Array\Array.csproj", "{22715F69-B56D-4AA3-B3E9-C8594A54B705}"
EndProject
Project("{FAE04EC0-301F-11D3-BF4B-00C04F79EFBC}") = "ForEachLoop", "ForEachLoop\ForEachLoop.csproj", "{2B894EEC-9405-4A88-85DF-09FABBD84018}"
EndProject
Project("{FAE04EC0-301F-11D3-BF4B-00C04F79EFBC}") = "MultiDemenisionalArray", "MultiDemenisionalArray\MultiDemenisionalArray.csproj", "{221964E7-8909-40DC-BE2F-D4EB97F4219F}"
EndProject
Project("{FAE04EC0-301F-11D3-BF4B-00C04F79EFBC}") = "ArrayChallengeTicTacToe", "ArrayChallengeTicTacToe\ArrayChallengeTicTacToe.csproj", "{51EB90EB-619D-4FBA-BAB8-85F9DCC5763F}"
EndProject
Project("{FAE04EC0-301F-11D3-BF4B-00C04F79EFBC}") = "JaggedArray", "JaggedArray\JaggedArray.csproj", "{1DFB9E64-9D86-463F-8807-1E603C1C6760}"
EndProject
Project("{FAE04EC0-301F-11D3-BF4B-00C04F79EFBC}") = "ArraysAsParameters", "ArraysAsParameters\ArraysAsParameters.csproj", "{09C48901-1A7C-4218-B9E9-01AA9BCDB957}"
EndProject
Project("{FAE04EC0-301F-11D3-BF4B-00C04F79EFBC}") = "ArrayList", "ArrayList\ArrayList.csproj", "{297345F2-6E5C-4A94-8DFF-DA7E8060BCC8}"
EndProject
Project("{FAE04EC0-301F-11D3-BF4B-00C04F79EFBC}") = "Inheritance", "Inheritance\Inheritance.csproj", "{C4736973-10B7-4615-B119-FFE5FF23C8F0}"
EndProject
Project("{FAE04EC0-301F-11D3-BF4B-00C04F79EFBC}") = "Inheritance Challenge", "Inheritance Challenge\Inheritance Challenge.csproj", "{82200804-4670-40FB-A1B8-8258D5660970}"
EndProject
Project("{FAE04EC0-301F-11D3-BF4B-00C04F79EFBC}") = "InterfaceE", "InterfaceE\InterfaceE.csproj", "{564599A3-D5D1-40F2-BA25-2A514525658C}"
EndProject
Project("{FAE04EC0-301F-11D3-BF4B-00C04F79EFBC}") = "PolymorphismChallenge", "PolymorphismChallenge\PolymorphismChallenge.csproj", "{BD6619D1-2353-4159-9F66-336672917CF4}"
EndProject
Project("{FAE04EC0-301F-11D3-BF4B-00C04F79EFBC}") = "LambdaC", "LambdaC\LambdaC.csproj", "{D0F09EC6-2D87-40C4-83CA-A52E7E84DD0F}"
EndProject
Project("{FAE04EC0-301F-11D3-BF4B-00C04F79EFBC}") = "ArrayListVsLists", "ArrayListVsLists\ArrayListVsLists.csproj", "{BD525C4A-CB69-4E0D-B3E3-458AB411E09E}"
EndProject
Project("{FAE04EC0-301F-11D3-BF4B-00C04F79EFBC}") = "StructsC", "StructsC\StructsC.csproj", "{C6400E3D-29E5-49DD-8C8F-47393A4BC012}"
EndProject
Project("{FAE04EC0-301F-11D3-BF4B-00C04F79EFBC}") = "Enums", "Enums\Enums.csproj", "{42DE3C77-618E-4647-8BC1-85CDFCAE661D}"
EndProject
Project("{FAE04EC0-301F-11D3-BF4B-00C04F79EFBC}") = "Math", "Math\Math.csproj", "{A507735F-1AB2-4464-A54A-74955F367913}"
EndProject
Project("{FAE04EC0-301F-11D3-BF4B-00C04F79EFBC}") = "RandomT", "RandomT\RandomT.csproj", "{6E112DE6-ED56-44C9-86FD-A1C9FA7E1CC6}"
EndProject
Project("{FAE04EC0-301F-11D3-BF4B-00C04F79EFBC}") = "RegExpressionsE", "RegExpressionsE\RegExpressionsE.csproj", "{B9A34792-904F-4F07-9C46-4999F7A866E7}"
EndProject
Project("{FAE04EC0-301F-11D3-BF4B-00C04F79EFBC}") = "DateTimeT", "DateTimeT\DateTimeT.csproj", "{1F11B605-ADC7-4D32-B73B-F41D1338975D}"
EndProject
Project("{FAE04EC0-301F-11D3-BF4B-00C04F79EFBC}") = "NullablesE", "NullablesE\NullablesE.csproj", "{F5D53115-62F4-4590-96AE-A3FDFC65DE62}"
EndProject
Global
	GlobalSection(SolutionConfigurationPlatforms) = preSolution
		Debug|Any CPU = Debug|Any CPU
		Release|Any CPU = Release|Any CPU
	EndGlobalSection
	GlobalSection(ProjectConfigurationPlatforms) = postSolution
		{F45F19B0-AFEE-499A-BDB8-DF2F3415FB17}.Debug|Any CPU.ActiveCfg = Debug|Any CPU
		{F45F19B0-AFEE-499A-BDB8-DF2F3415FB17}.Debug|Any CPU.Build.0 = Debug|Any CPU
		{F45F19B0-AFEE-499A-BDB8-DF2F3415FB17}.Release|Any CPU.ActiveCfg = Release|Any CPU
		{F45F19B0-AFEE-499A-BDB8-DF2F3415FB17}.Release|Any CPU.Build.0 = Release|Any CPU
		{AE05AB33-29A7-430A-9E28-603D8B7B4E78}.Debug|Any CPU.ActiveCfg = Debug|Any CPU
		{AE05AB33-29A7-430A-9E28-603D8B7B4E78}.Debug|Any CPU.Build.0 = Debug|Any CPU
		{AE05AB33-29A7-430A-9E28-603D8B7B4E78}.Release|Any CPU.ActiveCfg = Release|Any CPU
		{AE05AB33-29A7-430A-9E28-603D8B7B4E78}.Release|Any CPU.Build.0 = Release|Any CPU
		{3F2EB447-5114-448E-BF0B-B4D45182FAB9}.Debug|Any CPU.ActiveCfg = Debug|Any CPU
		{3F2EB447-5114-448E-BF0B-B4D45182FAB9}.Debug|Any CPU.Build.0 = Debug|Any CPU
		{3F2EB447-5114-448E-BF0B-B4D45182FAB9}.Release|Any CPU.ActiveCfg = Release|Any CPU
		{3F2EB447-5114-448E-BF0B-B4D45182FAB9}.Release|Any CPU.Build.0 = Release|Any CPU
		{34C715A4-82DB-4C95-B34C-FFABC8685745}.Debug|Any CPU.ActiveCfg = Debug|Any CPU
		{34C715A4-82DB-4C95-B34C-FFABC8685745}.Debug|Any CPU.Build.0 = Debug|Any CPU
		{34C715A4-82DB-4C95-B34C-FFABC8685745}.Release|Any CPU.ActiveCfg = Release|Any CPU
		{34C715A4-82DB-4C95-B34C-FFABC8685745}.Release|Any CPU.Build.0 = Release|Any CPU
		{4E195FD6-85F9-4C3A-875E-2001286B2D12}.Debug|Any CPU.ActiveCfg = Debug|Any CPU
		{4E195FD6-85F9-4C3A-875E-2001286B2D12}.Debug|Any CPU.Build.0 = Debug|Any CPU
		{4E195FD6-85F9-4C3A-875E-2001286B2D12}.Release|Any CPU.ActiveCfg = Release|Any CPU
		{4E195FD6-85F9-4C3A-875E-2001286B2D12}.Release|Any CPU.Build.0 = Release|Any CPU
		{A10A6765-074E-4815-9070-60B0717F8638}.Debug|Any CPU.ActiveCfg = Debug|Any CPU
		{A10A6765-074E-4815-9070-60B0717F8638}.Debug|Any CPU.Build.0 = Debug|Any CPU
		{A10A6765-074E-4815-9070-60B0717F8638}.Release|Any CPU.ActiveCfg = Release|Any CPU
		{A10A6765-074E-4815-9070-60B0717F8638}.Release|Any CPU.Build.0 = Release|Any CPU
		{5EB66A38-5732-4B77-A137-CAAC3501D7AD}.Debug|Any CPU.ActiveCfg = Debug|Any CPU
		{5EB66A38-5732-4B77-A137-CAAC3501D7AD}.Debug|Any CPU.Build.0 = Debug|Any CPU
		{5EB66A38-5732-4B77-A137-CAAC3501D7AD}.Release|Any CPU.ActiveCfg = Release|Any CPU
		{5EB66A38-5732-4B77-A137-CAAC3501D7AD}.Release|Any CPU.Build.0 = Release|Any CPU
		{091351D8-2C19-4CE6-BE8C-C530FC9B13B2}.Debug|Any CPU.ActiveCfg = Debug|Any CPU
		{091351D8-2C19-4CE6-BE8C-C530FC9B13B2}.Debug|Any CPU.Build.0 = Debug|Any CPU
		{091351D8-2C19-4CE6-BE8C-C530FC9B13B2}.Release|Any CPU.ActiveCfg = Release|Any CPU
		{091351D8-2C19-4CE6-BE8C-C530FC9B13B2}.Release|Any CPU.Build.0 = Release|Any CPU
		{2C231CBD-9454-41FB-8673-6085C1724859}.Debug|Any CPU.ActiveCfg = Debug|Any CPU
		{2C231CBD-9454-41FB-8673-6085C1724859}.Debug|Any CPU.Build.0 = Debug|Any CPU
		{2C231CBD-9454-41FB-8673-6085C1724859}.Release|Any CPU.ActiveCfg = Release|Any CPU
		{2C231CBD-9454-41FB-8673-6085C1724859}.Release|Any CPU.Build.0 = Release|Any CPU
		{CF0DB629-263C-4D10-899E-31D867B7A6B2}.Debug|Any CPU.ActiveCfg = Debug|Any CPU
		{CF0DB629-263C-4D10-899E-31D867B7A6B2}.Debug|Any CPU.Build.0 = Debug|Any CPU
		{CF0DB629-263C-4D10-899E-31D867B7A6B2}.Release|Any CPU.ActiveCfg = Release|Any CPU
		{CF0DB629-263C-4D10-899E-31D867B7A6B2}.Release|Any CPU.Build.0 = Release|Any CPU
		{3E5E5BDB-F827-4A61-9246-8AD9C3FF468C}.Debug|Any CPU.ActiveCfg = Debug|Any CPU
		{3E5E5BDB-F827-4A61-9246-8AD9C3FF468C}.Debug|Any CPU.Build.0 = Debug|Any CPU
		{3E5E5BDB-F827-4A61-9246-8AD9C3FF468C}.Release|Any CPU.ActiveCfg = Release|Any CPU
		{3E5E5BDB-F827-4A61-9246-8AD9C3FF468C}.Release|Any CPU.Build.0 = Release|Any CPU
		{E87B8EC4-08BE-4A7F-A075-3D55F3E9ADAF}.Debug|Any CPU.ActiveCfg = Debug|Any CPU
		{E87B8EC4-08BE-4A7F-A075-3D55F3E9ADAF}.Debug|Any CPU.Build.0 = Debug|Any CPU
		{E87B8EC4-08BE-4A7F-A075-3D55F3E9ADAF}.Release|Any CPU.ActiveCfg = Release|Any CPU
		{E87B8EC4-08BE-4A7F-A075-3D55F3E9ADAF}.Release|Any CPU.Build.0 = Release|Any CPU
		{7095C20F-2009-456F-95E6-7B688D50286B}.Debug|Any CPU.ActiveCfg = Debug|Any CPU
		{7095C20F-2009-456F-95E6-7B688D50286B}.Debug|Any CPU.Build.0 = Debug|Any CPU
		{7095C20F-2009-456F-95E6-7B688D50286B}.Release|Any CPU.ActiveCfg = Release|Any CPU
		{7095C20F-2009-456F-95E6-7B688D50286B}.Release|Any CPU.Build.0 = Release|Any CPU
		{15918961-C75C-416F-A086-265596E8749B}.Debug|Any CPU.ActiveCfg = Debug|Any CPU
		{15918961-C75C-416F-A086-265596E8749B}.Debug|Any CPU.Build.0 = Debug|Any CPU
		{15918961-C75C-416F-A086-265596E8749B}.Release|Any CPU.ActiveCfg = Release|Any CPU
		{15918961-C75C-416F-A086-265596E8749B}.Release|Any CPU.Build.0 = Release|Any CPU
		{EEA95E95-FC9A-4A52-B35F-2758EC28399D}.Debug|Any CPU.ActiveCfg = Debug|Any CPU
		{EEA95E95-FC9A-4A52-B35F-2758EC28399D}.Debug|Any CPU.Build.0 = Debug|Any CPU
		{EEA95E95-FC9A-4A52-B35F-2758EC28399D}.Release|Any CPU.ActiveCfg = Release|Any CPU
		{EEA95E95-FC9A-4A52-B35F-2758EC28399D}.Release|Any CPU.Build.0 = Release|Any CPU
		{22715F69-B56D-4AA3-B3E9-C8594A54B705}.Debug|Any CPU.ActiveCfg = Debug|Any CPU
		{22715F69-B56D-4AA3-B3E9-C8594A54B705}.Debug|Any CPU.Build.0 = Debug|Any CPU
		{22715F69-B56D-4AA3-B3E9-C8594A54B705}.Release|Any CPU.ActiveCfg = Release|Any CPU
		{22715F69-B56D-4AA3-B3E9-C8594A54B705}.Release|Any CPU.Build.0 = Release|Any CPU
		{2B894EEC-9405-4A88-85DF-09FABBD84018}.Debug|Any CPU.ActiveCfg = Debug|Any CPU
		{2B894EEC-9405-4A88-85DF-09FABBD84018}.Debug|Any CPU.Build.0 = Debug|Any CPU
		{2B894EEC-9405-4A88-85DF-09FABBD84018}.Release|Any CPU.ActiveCfg = Release|Any CPU
		{2B894EEC-9405-4A88-85DF-09FABBD84018}.Release|Any CPU.Build.0 = Release|Any CPU
		{221964E7-8909-40DC-BE2F-D4EB97F4219F}.Debug|Any CPU.ActiveCfg = Debug|Any CPU
		{221964E7-8909-40DC-BE2F-D4EB97F4219F}.Debug|Any CPU.Build.0 = Debug|Any CPU
		{221964E7-8909-40DC-BE2F-D4EB97F4219F}.Release|Any CPU.ActiveCfg = Release|Any CPU
		{221964E7-8909-40DC-BE2F-D4EB97F4219F}.Release|Any CPU.Build.0 = Release|Any CPU
		{51EB90EB-619D-4FBA-BAB8-85F9DCC5763F}.Debug|Any CPU.ActiveCfg = Debug|Any CPU
		{51EB90EB-619D-4FBA-BAB8-85F9DCC5763F}.Debug|Any CPU.Build.0 = Debug|Any CPU
		{51EB90EB-619D-4FBA-BAB8-85F9DCC5763F}.Release|Any CPU.ActiveCfg = Release|Any CPU
		{51EB90EB-619D-4FBA-BAB8-85F9DCC5763F}.Release|Any CPU.Build.0 = Release|Any CPU
		{1DFB9E64-9D86-463F-8807-1E603C1C6760}.Debug|Any CPU.ActiveCfg = Debug|Any CPU
		{1DFB9E64-9D86-463F-8807-1E603C1C6760}.Debug|Any CPU.Build.0 = Debug|Any CPU
		{1DFB9E64-9D86-463F-8807-1E603C1C6760}.Release|Any CPU.ActiveCfg = Release|Any CPU
		{1DFB9E64-9D86-463F-8807-1E603C1C6760}.Release|Any CPU.Build.0 = Release|Any CPU
		{09C48901-1A7C-4218-B9E9-01AA9BCDB957}.Debug|Any CPU.ActiveCfg = Debug|Any CPU
		{09C48901-1A7C-4218-B9E9-01AA9BCDB957}.Debug|Any CPU.Build.0 = Debug|Any CPU
		{09C48901-1A7C-4218-B9E9-01AA9BCDB957}.Release|Any CPU.ActiveCfg = Release|Any CPU
		{09C48901-1A7C-4218-B9E9-01AA9BCDB957}.Release|Any CPU.Build.0 = Release|Any CPU
		{297345F2-6E5C-4A94-8DFF-DA7E8060BCC8}.Debug|Any CPU.ActiveCfg = Debug|Any CPU
		{297345F2-6E5C-4A94-8DFF-DA7E8060BCC8}.Debug|Any CPU.Build.0 = Debug|Any CPU
		{297345F2-6E5C-4A94-8DFF-DA7E8060BCC8}.Release|Any CPU.ActiveCfg = Release|Any CPU
		{297345F2-6E5C-4A94-8DFF-DA7E8060BCC8}.Release|Any CPU.Build.0 = Release|Any CPU
		{C4736973-10B7-4615-B119-FFE5FF23C8F0}.Debug|Any CPU.ActiveCfg = Debug|Any CPU
		{C4736973-10B7-4615-B119-FFE5FF23C8F0}.Debug|Any CPU.Build.0 = Debug|Any CPU
		{C4736973-10B7-4615-B119-FFE5FF23C8F0}.Release|Any CPU.ActiveCfg = Release|Any CPU
		{C4736973-10B7-4615-B119-FFE5FF23C8F0}.Release|Any CPU.Build.0 = Release|Any CPU
		{82200804-4670-40FB-A1B8-8258D5660970}.Debug|Any CPU.ActiveCfg = Debug|Any CPU
		{82200804-4670-40FB-A1B8-8258D5660970}.Debug|Any CPU.Build.0 = Debug|Any CPU
		{82200804-4670-40FB-A1B8-8258D5660970}.Release|Any CPU.ActiveCfg = Release|Any CPU
		{82200804-4670-40FB-A1B8-8258D5660970}.Release|Any CPU.Build.0 = Release|Any CPU
		{564599A3-D5D1-40F2-BA25-2A514525658C}.Debug|Any CPU.ActiveCfg = Debug|Any CPU
		{564599A3-D5D1-40F2-BA25-2A514525658C}.Debug|Any CPU.Build.0 = Debug|Any CPU
		{564599A3-D5D1-40F2-BA25-2A514525658C}.Release|Any CPU.ActiveCfg = Release|Any CPU
		{564599A3-D5D1-40F2-BA25-2A514525658C}.Release|Any CPU.Build.0 = Release|Any CPU
		{BD6619D1-2353-4159-9F66-336672917CF4}.Debug|Any CPU.ActiveCfg = Debug|Any CPU
		{BD6619D1-2353-4159-9F66-336672917CF4}.Debug|Any CPU.Build.0 = Debug|Any CPU
		{BD6619D1-2353-4159-9F66-336672917CF4}.Release|Any CPU.ActiveCfg = Release|Any CPU
		{BD6619D1-2353-4159-9F66-336672917CF4}.Release|Any CPU.Build.0 = Release|Any CPU
		{D0F09EC6-2D87-40C4-83CA-A52E7E84DD0F}.Debug|Any CPU.ActiveCfg = Debug|Any CPU
		{D0F09EC6-2D87-40C4-83CA-A52E7E84DD0F}.Debug|Any CPU.Build.0 = Debug|Any CPU
		{D0F09EC6-2D87-40C4-83CA-A52E7E84DD0F}.Release|Any CPU.ActiveCfg = Release|Any CPU
		{D0F09EC6-2D87-40C4-83CA-A52E7E84DD0F}.Release|Any CPU.Build.0 = Release|Any CPU
		{BD525C4A-CB69-4E0D-B3E3-458AB411E09E}.Debug|Any CPU.ActiveCfg = Debug|Any CPU
		{BD525C4A-CB69-4E0D-B3E3-458AB411E09E}.Debug|Any CPU.Build.0 = Debug|Any CPU
		{BD525C4A-CB69-4E0D-B3E3-458AB411E09E}.Release|Any CPU.ActiveCfg = Release|Any CPU
		{BD525C4A-CB69-4E0D-B3E3-458AB411E09E}.Release|Any CPU.Build.0 = Release|Any CPU
		{C6400E3D-29E5-49DD-8C8F-47393A4BC012}.Debug|Any CPU.ActiveCfg = Debug|Any CPU
		{C6400E3D-29E5-49DD-8C8F-47393A4BC012}.Debug|Any CPU.Build.0 = Debug|Any CPU
		{C6400E3D-29E5-49DD-8C8F-47393A4BC012}.Release|Any CPU.ActiveCfg = Release|Any CPU
		{C6400E3D-29E5-49DD-8C8F-47393A4BC012}.Release|Any CPU.Build.0 = Release|Any CPU
		{42DE3C77-618E-4647-8BC1-85CDFCAE661D}.Debug|Any CPU.ActiveCfg = Debug|Any CPU
		{42DE3C77-618E-4647-8BC1-85CDFCAE661D}.Debug|Any CPU.Build.0 = Debug|Any CPU
		{42DE3C77-618E-4647-8BC1-85CDFCAE661D}.Release|Any CPU.ActiveCfg = Release|Any CPU
		{42DE3C77-618E-4647-8BC1-85CDFCAE661D}.Release|Any CPU.Build.0 = Release|Any CPU
		{A507735F-1AB2-4464-A54A-74955F367913}.Debug|Any CPU.ActiveCfg = Debug|Any CPU
		{A507735F-1AB2-4464-A54A-74955F367913}.Debug|Any CPU.Build.0 = Debug|Any CPU
		{A507735F-1AB2-4464-A54A-74955F367913}.Release|Any CPU.ActiveCfg = Release|Any CPU
		{A507735F-1AB2-4464-A54A-74955F367913}.Release|Any CPU.Build.0 = Release|Any CPU
		{6E112DE6-ED56-44C9-86FD-A1C9FA7E1CC6}.Debug|Any CPU.ActiveCfg = Debug|Any CPU
		{6E112DE6-ED56-44C9-86FD-A1C9FA7E1CC6}.Debug|Any CPU.Build.0 = Debug|Any CPU
		{6E112DE6-ED56-44C9-86FD-A1C9FA7E1CC6}.Release|Any CPU.ActiveCfg = Release|Any CPU
		{6E112DE6-ED56-44C9-86FD-A1C9FA7E1CC6}.Release|Any CPU.Build.0 = Release|Any CPU
		{B9A34792-904F-4F07-9C46-4999F7A866E7}.Debug|Any CPU.ActiveCfg = Debug|Any CPU
		{B9A34792-904F-4F07-9C46-4999F7A866E7}.Debug|Any CPU.Build.0 = Debug|Any CPU
		{B9A34792-904F-4F07-9C46-4999F7A866E7}.Release|Any CPU.ActiveCfg = Release|Any CPU
		{B9A34792-904F-4F07-9C46-4999F7A866E7}.Release|Any CPU.Build.0 = Release|Any CPU
		{1F11B605-ADC7-4D32-B73B-F41D1338975D}.Debug|Any CPU.ActiveCfg = Debug|Any CPU
		{1F11B605-ADC7-4D32-B73B-F41D1338975D}.Debug|Any CPU.Build.0 = Debug|Any CPU
		{1F11B605-ADC7-4D32-B73B-F41D1338975D}.Release|Any CPU.ActiveCfg = Release|Any CPU
		{1F11B605-ADC7-4D32-B73B-F41D1338975D}.Release|Any CPU.Build.0 = Release|Any CPU
		{F5D53115-62F4-4590-96AE-A3FDFC65DE62}.Debug|Any CPU.ActiveCfg = Debug|Any CPU
		{F5D53115-62F4-4590-96AE-A3FDFC65DE62}.Debug|Any CPU.Build.0 = Debug|Any CPU
		{F5D53115-62F4-4590-96AE-A3FDFC65DE62}.Release|Any CPU.ActiveCfg = Release|Any CPU
		{F5D53115-62F4-4590-96AE-A3FDFC65DE62}.Release|Any CPU.Build.0 = Release|Any CPU
	EndGlobalSection
	GlobalSection(SolutionProperties) = preSolution
		HideSolutionNode = FALSE
	EndGlobalSection
	GlobalSection(ExtensibilityGlobals) = postSolution
		SolutionGuid = {1B56B118-10D3-458F-858A-5E2D74BB382A}
	EndGlobalSection
EndGlobal
